{
  "name": "coparion-sharepoint",
  "version": "1.0.0",
  "lockfileVersion": 1,
  "requires": true,
  "dependencies": {
    "@types/jquery.colorpicker": {
      "version": "1.4.31",
      "resolved": "https://registry.npmjs.org/@types/jquery.colorpicker/-/jquery.colorpicker-1.4.31.tgz",
      "integrity": "sha512-ha9ghDDWkAzMzO49nyFoSuyJeiBp0Z++GmSqmuH8RerrI5qu9p61nSFIGHK2fMUcuQe4TxuXMgPAhb5roDCSEw==",
      "requires": {
        "@types/jquery": "3.2.15"
      },
      "dependencies": {
        "@types/jquery": {
          "version": "3.2.15",
          "resolved": "https://registry.npmjs.org/@types/jquery/-/jquery-3.2.15.tgz",
          "integrity": "sha512-SmiwGv/ISoltkDMngZ8sb9ijj6mYx3084XkHul/U4r03N2C14j6F+Lx+RfZ/f5zGOVOKEUIrRLVCNFKEaVDABQ=="
        }
      }
    },
    "gentelella": {
      "version": "1.3.0",
      "resolved": "https://registry.npmjs.org/gentelella/-/gentelella-1.3.0.tgz",
      "integrity": "sha1-U8S7BnGr06S7uXz9gmEAO22nxeM="
    }
  }
}
